
Microsoft Visual Studio Solution File, Format Version 12.00
# Visual Studio Version 17
VisualStudioVersion = 17.11.35303.130
MinimumVisualStudioVersion = 10.0.40219.1
Project("{FAE04EC0-301F-11D3-BF4B-00C04F79EFBC}") = "A10", "A10\A10.csproj", "{EAA1642C-84BC-46EE-948A-3A01BF3404EC}"
EndProject
Global
	GlobalSection(SolutionConfigurationPlatforms) = preSolution
		Debug|Any CPU = Debug|Any CPU
		Release|Any CPU = Release|Any CPU
	EndGlobalSection
	GlobalSection(ProjectConfigurationPlatforms) = postSolution
		{EAA1642C-84BC-46EE-948A-3A01BF3404EC}.Debug|Any CPU.ActiveCfg = Debug|Any CPU
		{EAA1642C-84BC-46EE-948A-3A01BF3404EC}.Debug|Any CPU.Build.0 = Debug|Any CPU
		{EAA1642C-84BC-46EE-948A-3A01BF3404EC}.Release|Any CPU.ActiveCfg = Release|Any CPU
		{EAA1642C-84BC-46EE-948A-3A01BF3404EC}.Release|Any CPU.Build.0 = Release|Any CPU
	EndGlobalSection
	GlobalSection(SolutionProperties) = preSolution
		HideSolutionNode = FALSE
	EndGlobalSection
	GlobalSection(ExtensibilityGlobals) = postSolution
		SolutionGuid = {32609291-7C75-4E20-9D35-9F4A6E28E244}
	EndGlobalSection
EndGlobal
